
Microsoft Visual Studio Solution File, Format Version 12.00
# Visual Studio 15
VisualStudioVersion = 15.0.27130.2027
MinimumVisualStudioVersion = 10.0.40219.1
Project("{FAE04EC0-301F-11D3-BF4B-00C04F79EFBC}") = "TestJenkinsProj", "TestJenkinsProj\TestJenkinsProj.csproj", "{60E690B5-7A12-4A9C-BA11-D06278A9C261}"
EndProject
Project("{FAE04EC0-301F-11D3-BF4B-00C04F79EFBC}") = "MSTestJenkins", "MSTestJenkins\MSTestJenkins.csproj", "{04BED0CD-5622-439A-A2CD-4559A09C4551}"
EndProject
Global
	GlobalSection(SolutionConfigurationPlatforms) = preSolution
		Debug|Any CPU = Debug|Any CPU
		Release|Any CPU = Release|Any CPU
	EndGlobalSection
	GlobalSection(ProjectConfigurationPlatforms) = postSolution
		{60E690B5-7A12-4A9C-BA11-D06278A9C261}.Debug|Any CPU.ActiveCfg = Debug|Any CPU
		{60E690B5-7A12-4A9C-BA11-D06278A9C261}.Debug|Any CPU.Build.0 = Debug|Any CPU
		{60E690B5-7A12-4A9C-BA11-D06278A9C261}.Release|Any CPU.ActiveCfg = Release|Any CPU
		{60E690B5-7A12-4A9C-BA11-D06278A9C261}.Release|Any CPU.Build.0 = Release|Any CPU
		{04BED0CD-5622-439A-A2CD-4559A09C4551}.Debug|Any CPU.ActiveCfg = Debug|Any CPU
		{04BED0CD-5622-439A-A2CD-4559A09C4551}.Debug|Any CPU.Build.0 = Debug|Any CPU
		{04BED0CD-5622-439A-A2CD-4559A09C4551}.Release|Any CPU.ActiveCfg = Release|Any CPU
		{04BED0CD-5622-439A-A2CD-4559A09C4551}.Release|Any CPU.Build.0 = Release|Any CPU
	EndGlobalSection
	GlobalSection(SolutionProperties) = preSolution
		HideSolutionNode = FALSE
	EndGlobalSection
	GlobalSection(ExtensibilityGlobals) = postSolution
		SolutionGuid = {41FC2F9E-0CF5-4C87-808E-2D248FFBD4FA}
	EndGlobalSection
EndGlobal
